<?xml version="1.0" encoding="utf-8"?>
<Project ToolsVersion="4.0" xmlns="http://schemas.microsoft.com/developer/msbuild/2003">
  <ItemGroup>
    <Filter Include="Arquivos de Origem">
      <UniqueIdentifier>{4FC737F1-C7A5-4376-A066-2A32D752A2FF}</UniqueIdentifier>
      <Extensions>cpp;c;cc;cxx;c++;cppm;ixx;def;odl;idl;hpj;bat;asm;asmx</Extensions>
    </Filter>
    <Filter Include="Arquivos de Cabeçalho">
      <UniqueIdentifier>{93995380-89BD-4b04-88EB-625FBE52EBFB}</UniqueIdentifier>
      <Extensions>h;hh;hpp;hxx;h++;hm;inl;inc;ipp;xsd</Extensions>
    </Filter>
    <Filter Include="Arquivos de Recurso">
      <UniqueIdentifier>{67DA6AB6-F800-4c08-8B7A-83BB121AAD01}</UniqueIdentifier>
      <Extensions>rc;ico;cur;bmp;dlg;rc2;rct;bin;rgs;gif;jpg;jpeg;jpe;resx;tiff;tif;png;wav;mfcribbon-ms</Extensions>
    </Filter>
  </ItemGroup>
  <ItemGroup>
    <ClCompile Include="main.c">
      <Filter>Arquivos de Origem</Filter>
    </ClCompile>
    <ClCompile Include="event_handling.c">
      <Filter>Arquivos de Origem</Filter>
    </ClCompile>
    <ClCompile Include="game_logic.c">
      <Filter>Arquivos de Origem</Filter>
    </ClCompile>
    <ClCompile Include="player.c">
      <Filter>Arquivos de Origem</Filter>
    </ClCompile>
    <ClCompile Include="projectile.c">
      <Filter>Arquivos de Origem</Filter>
    </ClCompile>
    <ClCompile Include="rendering.c">
      <Filter>Arquivos de Origem</Filter>
    </ClCompile>
    <ClCompile Include="resources.c">
      <Filter>Arquivos de Origem</Filter>
    </ClCompile>
    <ClCompile Include="ui.c">
      <Filter>Arquivos de Origem</Filter>
    </ClCompile>
    <ClCompile Include="game_state.c">
      <Filter>Arquivos de Origem</Filter>
    </ClCompile>
    <ClCompile Include="displays.c">
      <Filter>Arquivos de Origem</Filter>
    </ClCompile>
    <ClCompile Include="colission.c">
      <Filter>Arquivos de Origem</Filter>
    </ClCompile>
    <ClCompile Include="interacoes.c">
      <Filter>Arquivos de Origem</Filter>
    </ClCompile>
    <ClCompile Include="npc.c">
      <Filter>Arquivos de Origem</Filter>
    </ClCompile>
    <ClCompile Include="dialogo.c">
      <Filter>Arquivos de Origem</Filter>
    </ClCompile>
  </ItemGroup>
  <ItemGroup>
    <ClInclude Include="collision.h">
      <Filter>Arquivos de Cabeçalho</Filter>
    </ClInclude>
    <ClInclude Include="constants.h">
      <Filter>Arquivos de Cabeçalho</Filter>
    </ClInclude>
    <ClInclude Include="displays.h">
      <Filter>Arquivos de Cabeçalho</Filter>
    </ClInclude>
    <ClInclude Include="event_handling.h">
      <Filter>Arquivos de Cabeçalho</Filter>
    </ClInclude>
    <ClInclude Include="game_logic.h">
      <Filter>Arquivos de Cabeçalho</Filter>
    </ClInclude>
    <ClInclude Include="game_state.h">
      <Filter>Arquivos de Cabeçalho</Filter>
    </ClInclude>
    <ClInclude Include="interacoes.h">
      <Filter>Arquivos de Cabeçalho</Filter>
    </ClInclude>
    <ClInclude Include="player.h">
      <Filter>Arquivos de Cabeçalho</Filter>
    </ClInclude>
    <ClInclude Include="projectile.h">
      <Filter>Arquivos de Cabeçalho</Filter>
    </ClInclude>
    <ClInclude Include="rect.h">
      <Filter>Arquivos de Cabeçalho</Filter>
    </ClInclude>
    <ClInclude Include="rendering.h">
      <Filter>Arquivos de Cabeçalho</Filter>
    </ClInclude>
    <ClInclude Include="resources.h">
      <Filter>Arquivos de Cabeçalho</Filter>
    </ClInclude>
    <ClInclude Include="ui.h">
      <Filter>Arquivos de Cabeçalho</Filter>
    </ClInclude>
    <ClInclude Include="npc.h">
      <Filter>Arquivos de Cabeçalho</Filter>
    </ClInclude>
    <ClInclude Include="dialogo.h">
      <Filter>Arquivos de Cabeçalho</Filter>
    </ClInclude>
  </ItemGroup>
  <ItemGroup>
    <None Include="packages.config" />
  </ItemGroup>
</Project>